
Microsoft Visual Studio Solution File, Format Version 12.00
# Visual Studio 15
VisualStudioVersion = 15.0.33403.129
MinimumVisualStudioVersion = 10.0.40219.1
Project("{FAE04EC0-301F-11D3-BF4B-00C04F79EFBC}") = "Minecraft Bedrock Launcher", "Minecraft Bedrock Launcher\Minecraft Bedrock Launcher.csproj", "{297E8CA1-06C9-4890-A589-BD08F943A046}"
EndProject
Global
	GlobalSection(SolutionConfigurationPlatforms) = preSolution
		Debug|Any CPU = Debug|Any CPU
		Release|Any CPU = Release|Any CPU
	EndGlobalSection
	GlobalSection(ProjectConfigurationPlatforms) = postSolution
		{297E8CA1-06C9-4890-A589-BD08F943A046}.Debug|Any CPU.ActiveCfg = Debug|Any CPU
		{297E8CA1-06C9-4890-A589-BD08F943A046}.Debug|Any CPU.Build.0 = Debug|Any CPU
		{297E8CA1-06C9-4890-A589-BD08F943A046}.Release|Any CPU.ActiveCfg = Release|Any CPU
		{297E8CA1-06C9-4890-A589-BD08F943A046}.Release|Any CPU.Build.0 = Release|Any CPU
	EndGlobalSection
	GlobalSection(SolutionProperties) = preSolution
		HideSolutionNode = FALSE
	EndGlobalSection
	GlobalSection(ExtensibilityGlobals) = postSolution
		SolutionGuid = {9C093482-632D-4790-BB70-251A9A147E26}
	EndGlobalSection
EndGlobal
